{
  "version": 4,
  "terraform_version": "1.4.6",
  "serial": 23,
  "lineage": "9b7c399a-055a-8001-e64f-724f4a0708bd",
  "outputs": {},
  "resources": [
    {
      "mode": "managed",
      "type": "ad_gplink",
      "name": "og",
      "provider": "provider[\"registry.terraform.io/hashicorp/ad\"]",
      "instances": [
        {
          "schema_version": 0,
          "attributes": {
            "enabled": true,
            "enforced": false,
            "gpo_guid": "e709a755-5b02-4331-b6d6-a3d2d7fed278",
            "id": "e709a755-5b02-4331-b6d6-a3d2d7fed278_3b1cbf9c-bf75-4f52-9620-808cb2a5bd59",
            "order": 1,
            "target_dn": "OU=TF Test OU,DC=nextware,DC=local"
          },
          "sensitive_attributes": [],
          "private": "bnVsbA==",
          "dependencies": [
            "ad_gpo.gqqq",
            "ad_ou.oqqq"
          ]
        }
      ]
    },
    {
      "mode": "managed",
      "type": "ad_gpo",
      "name": "gqqq",
      "provider": "provider[\"registry.terraform.io/hashicorp/ad\"]",
      "instances": [
        {
          "schema_version": 0,
          "attributes": {
            "description": "gpo for gplink tests",
            "dn": null,
            "domain": "nextware.local",
            "id": "e709a755-5b02-4331-b6d6-a3d2d7fed278",
            "name": "TFTestGPO",
            "numeric_status": 3,
            "status": "AllSettingsEnabled"
          },
          "sensitive_attributes": [],
          "private": "bnVsbA=="
        }
      ]
    },
    {
      "mode": "managed",
      "type": "ad_gpo_security",
      "name": "gpo_sec",
      "provider": "provider[\"registry.terraform.io/hashicorp/ad\"]",
      "instances": [
        {
          "schema_version": 0,
          "attributes": {
            "account_lockout": [],
            "application_log": [],
            "audit_log": [],
            "event_audit": [],
            "filesystem": [],
            "gpo_container": "e709a755-5b02-4331-b6d6-a3d2d7fed278",
            "id": "e709a755-5b02-4331-b6d6-a3d2d7fed278_securitysettings",
            "kerberos_policy": [],
            "password_policies": [
              {
                "clear_text_password": "",
                "maximum_password_age": "",
                "minimum_password_age": "",
                "minimum_password_length": "3",
                "password_complexity": "",
                "password_history_size": ""
              }
            ],
            "registry_keys": [],
            "registry_values": [],
            "restricted_groups": [],
            "system_log": [],
            "system_services": [
              {
                "acl": "D:AR(A;;CCDCLCSWRPWPDTLOCRSDRCWDWO;;;LA)",
                "service_name": "TapiSrv",
                "startup_mode": "2"
              }
            ]
          },
          "sensitive_attributes": [],
          "private": "bnVsbA==",
          "dependencies": [
            "ad_gpo.gqqq"
          ]
        }
      ]
    },
    {
      "mode": "managed",
      "type": "ad_group",
      "name": "tg",
      "provider": "provider[\"registry.terraform.io/hashicorp/ad\"]",
      "instances": [
        {
          "schema_version": 0,
          "attributes": {
            "category": "security",
            "container": "OU=Terraform,DC=nextware,DC=local",
            "id": "015b0014-ba52-4634-adc1-caf68a70caa7",
            "name": "TerraformGroup",
            "sam_account_name": "TerraformGroup",
            "scope": "global"
          },
          "sensitive_attributes": [],
          "private": "bnVsbA==",
          "dependencies": [
            "ad_ou.tf"
          ]
        }
      ]
    },
    {
      "mode": "managed",
      "type": "ad_ou",
      "name": "oqqq",
      "provider": "provider[\"registry.terraform.io/hashicorp/ad\"]",
      "instances": [
        {
          "schema_version": 0,
          "attributes": {
            "description": "OU for gplink tests",
            "dn": "OU=TF Test OU,DC=nextware,DC=local",
            "guid": "3b1cbf9c-bf75-4f52-9620-808cb2a5bd59",
            "id": "3b1cbf9c-bf75-4f52-9620-808cb2a5bd59",
            "name": "TF Test OU",
            "path": "DC=nextware,DC=local",
            "protected": true
          },
          "sensitive_attributes": [],
          "private": "bnVsbA=="
        }
      ]
    },
    {
      "mode": "managed",
      "type": "ad_ou",
      "name": "tf",
      "provider": "provider[\"registry.terraform.io/hashicorp/ad\"]",
      "instances": [
        {
          "schema_version": 0,
          "attributes": {
            "description": "Terraform Objects",
            "dn": "OU=Terraform,DC=nextware,DC=local",
            "guid": "b44b373f-f782-445c-811a-25edec280c76",
            "id": "b44b373f-f782-445c-811a-25edec280c76",
            "name": "Terraform",
            "path": "DC=nextware,DC=local",
            "protected": false
          },
          "sensitive_attributes": [],
          "private": "bnVsbA=="
        }
      ]
    },
    {
      "mode": "managed",
      "type": "ad_user",
      "name": "tu",
      "provider": "provider[\"registry.terraform.io/hashicorp/ad\"]",
      "instances": [
        {
          "schema_version": 0,
          "attributes": {
            "cannot_change_password": false,
            "container": "OU=Terraform,DC=nextware,DC=local",
            "display_name": "Terraform User",
            "enabled": true,
            "id": "f0e04c5f-e2d6-47cf-b105-ff60351721db",
            "initial_password": "Password1",
            "password_never_expires": true,
            "principal_name": "Terrform.User@nextware.local",
            "sam_account_name": "Terrform.User"
          },
          "sensitive_attributes": [],
          "private": "bnVsbA==",
          "dependencies": [
            "ad_ou.tf"
          ]
        }
      ]
    }
  ],
  "check_results": null
}
