{
  "version": 4,
  "terraform_version": "1.4.6",
  "serial": 15,
  "lineage": "9b7c399a-055a-8001-e64f-724f4a0708bd",
  "outputs": {},
  "resources": [
    {
      "mode": "managed",
      "type": "ad_gpo",
      "name": "gqqq",
      "provider": "provider[\"registry.terraform.io/hashicorp/ad\"]",
      "instances": [
        {
          "schema_version": 0,
          "attributes": {
            "description": "gpo for gplink tests",
            "dn": null,
            "domain": "nextware.local",
            "id": "6507e3e0-61bd-444f-90f2-8369c406a68a",
            "name": "TFTestGPO",
            "numeric_status": 3,
            "status": "AllSettingsEnabled"
          },
          "sensitive_attributes": [],
          "private": "bnVsbA=="
        }
      ]
    },
    {
      "mode": "managed",
      "type": "ad_gpo_security",
      "name": "gpo_sec",
      "provider": "provider[\"registry.terraform.io/hashicorp/ad\"]",
      "instances": [
        {
          "schema_version": 0,
          "attributes": {
            "account_lockout": [],
            "application_log": [],
            "audit_log": [],
            "event_audit": [],
            "filesystem": [],
            "gpo_container": "6507e3e0-61bd-444f-90f2-8369c406a68a",
            "id": "6507e3e0-61bd-444f-90f2-8369c406a68a_securitysettings",
            "kerberos_policy": [],
            "password_policies": [
              {
                "clear_text_password": "",
                "maximum_password_age": "",
                "minimum_password_age": "",
                "minimum_password_length": "3",
                "password_complexity": "",
                "password_history_size": ""
              }
            ],
            "registry_keys": [],
            "registry_values": [],
            "restricted_groups": [],
            "system_log": [],
            "system_services": [
              {
                "acl": "D:AR(A;;CCDCLCSWRPWPDTLOCRSDRCWDWO;;;LA)",
                "service_name": "TapiSrv",
                "startup_mode": "2"
              }
            ]
          },
          "sensitive_attributes": [],
          "private": "bnVsbA==",
          "dependencies": [
            "ad_gpo.gqqq"
          ]
        }
      ]
    }
  ],
  "check_results": null
}
